# This file is automatically @generated by Cargo.
# It is not intended for manual editing.
version = 3

[[package]]
name = "is_not_decreasing"
version = "0.1.0"

[[package]]
name = "leetcode-rs"
version = "0.1.0"

[[package]]
name = "merge_two_linked_lists"
version = "0.1.0"

[[package]]
name = "remove_dups_from_sorted_array"
version = "0.1.0"

[[package]]
name = "simplify_path"
version = "0.1.0"
